{
  "lockfile-version": 1,
  "manifest": {
    "version": 1,
    "install": {
      "nodejs": {
        "pkg-path": "nodejs"
      },
      "playwright-driver": {
        "pkg-path": "playwright-driver"
      }
    },
    "hook": {},
    "profile": {},
    "options": {}
  },
  "packages": [
    {
      "attr_path": "nodejs",
      "broken": false,
      "derivation": "/nix/store/0jp24w00c62cysdikz38xrnmxwzv0q4r-nodejs-24.13.0.drv",
      "description": "Event-driven I/O framework for the V8 JavaScript engine",
      "install_id": "nodejs",
      "license": "MIT",
      "locked_url": "https://github.com/flox/nixpkgs?rev=00c21e4c93d963c50d4c0c89bfa84ed6e0694df2",
      "name": "nodejs-24.13.0",
      "pname": "nodejs",
      "rev": "00c21e4c93d963c50d4c0c89bfa84ed6e0694df2",
      "rev_count": 940249,
      "rev_date": "2026-02-04T09:32:58Z",
      "scrape_date": "2026-02-06T04:36:18.051136Z",
      "stabilities": [
        "staging",
        "unstable"
      ],
      "unfree": false,
      "version": "24.13.0",
      "outputs_to_install": [
        "out"
      ],
      "outputs": {
        "dev": "/nix/store/ywm49y8ncwny2nr0wvs6vmaxqjiqg523-nodejs-24.13.0-dev",
        "libv8": "/nix/store/67xyvmmgkisc7mr16wbpyjq2fqyz44af-nodejs-24.13.0-libv8",
        "out": "/nix/store/szvl8aalaplzshakdpyq8l5yq8q1bw66-nodejs-24.13.0"
      },
      "system": "aarch64-darwin",
      "group": "toplevel",
      "priority": 5
    },
    {
      "attr_path": "nodejs",
      "broken": false,
      "derivation": "/nix/store/l64r4vxgdpi0jxp27mvr9sj2c2mq2cys-nodejs-24.13.0.drv",
      "description": "Event-driven I/O framework for the V8 JavaScript engine",
      "install_id": "nodejs",
      "license": "MIT",
      "locked_url": "https://github.com/flox/nixpkgs?rev=00c21e4c93d963c50d4c0c89bfa84ed6e0694df2",
      "name": "nodejs-24.13.0",
      "pname": "nodejs",
      "rev": "00c21e4c93d963c50d4c0c89bfa84ed6e0694df2",
      "rev_count": 940249,
      "rev_date": "2026-02-04T09:32:58Z",
      "scrape_date": "2026-02-06T05:05:58.836299Z",
      "stabilities": [
        "staging",
        "unstable"
      ],
      "unfree": false,
      "version": "24.13.0",
      "outputs_to_install": [
        "out"
      ],
      "outputs": {
        "dev": "/nix/store/qk4n3r5bvqzvpaq1qbpwwf47zg51wrhq-nodejs-24.13.0-dev",
        "libv8": "/nix/store/rh9dg0mdq0hnp4cbdy4zdbmy6hnhxcfh-nodejs-24.13.0-libv8",
        "out": "/nix/store/rpyb0275h916mxx8a0cm7yavm4qbr4j9-nodejs-24.13.0"
      },
      "system": "aarch64-linux",
      "group": "toplevel",
      "priority": 5
    },
    {
      "attr_path": "nodejs",
      "broken": false,
      "derivation": "/nix/store/xgryfaiwfymf8ndij80ssly7q2kdq8y1-nodejs-24.13.0.drv",
      "description": "Event-driven I/O framework for the V8 JavaScript engine",
      "install_id": "nodejs",
      "license": "MIT",
      "locked_url": "https://github.com/flox/nixpkgs?rev=00c21e4c93d963c50d4c0c89bfa84ed6e0694df2",
      "name": "nodejs-24.13.0",
      "pname": "nodejs",
      "rev": "00c21e4c93d963c50d4c0c89bfa84ed6e0694df2",
      "rev_count": 940249,
      "rev_date": "2026-02-04T09:32:58Z",
      "scrape_date": "2026-02-06T05:33:56.237069Z",
      "stabilities": [
        "staging",
        "unstable"
      ],
      "unfree": false,
      "version": "24.13.0",
      "outputs_to_install": [
        "out"
      ],
      "outputs": {
        "dev": "/nix/store/rp55bch0hqxynmxnh7q5bs586kp0dib6-nodejs-24.13.0-dev",
        "libv8": "/nix/store/dvl504xzwklpfjngdnn6kcpriklwsf6l-nodejs-24.13.0-libv8",
        "out": "/nix/store/xhp1pnnq7hski7hwg36vw7kpxmg56khh-nodejs-24.13.0"
      },
      "system": "x86_64-darwin",
      "group": "toplevel",
      "priority": 5
    },
    {
      "attr_path": "nodejs",
      "broken": false,
      "derivation": "/nix/store/qk40027pvikybl0lvr1wmia9n8ljf99c-nodejs-24.13.0.drv",
      "description": "Event-driven I/O framework for the V8 JavaScript engine",
      "install_id": "nodejs",
      "license": "MIT",
      "locked_url": "https://github.com/flox/nixpkgs?rev=00c21e4c93d963c50d4c0c89bfa84ed6e0694df2",
      "name": "nodejs-24.13.0",
      "pname": "nodejs",
      "rev": "00c21e4c93d963c50d4c0c89bfa84ed6e0694df2",
      "rev_count": 940249,
      "rev_date": "2026-02-04T09:32:58Z",
      "scrape_date": "2026-02-06T06:06:25.422882Z",
      "stabilities": [
        "staging",
        "unstable"
      ],
      "unfree": false,
      "version": "24.13.0",
      "outputs_to_install": [
        "out"
      ],
      "outputs": {
        "dev": "/nix/store/hc7fav9y6ai53nqbbpjxprwnkakl1w2d-nodejs-24.13.0-dev",
        "libv8": "/nix/store/z7m56hl4rzdrfhnnkwig0ibzs1qz1x5d-nodejs-24.13.0-libv8",
        "out": "/nix/store/9cyx2v23dip6p9q98384k9v06c96qskb-nodejs-24.13.0"
      },
      "system": "x86_64-linux",
      "group": "toplevel",
      "priority": 5
    },
    {
      "attr_path": "playwright-driver",
      "broken": false,
      "derivation": "/nix/store/hc0mxn858rzqbalngrk6rsp95z842gpm-playwright-core-1.57.0.drv",
      "description": "Framework for Web Testing and Automation",
      "install_id": "playwright-driver",
      "license": "Apache-2.0",
      "locked_url": "https://github.com/flox/nixpkgs?rev=00c21e4c93d963c50d4c0c89bfa84ed6e0694df2",
      "name": "playwright-core-1.57.0",
      "pname": "playwright-driver",
      "rev": "00c21e4c93d963c50d4c0c89bfa84ed6e0694df2",
      "rev_count": 940249,
      "rev_date": "2026-02-04T09:32:58Z",
      "scrape_date": "2026-02-06T04:36:31.401464Z",
      "stabilities": [
        "staging",
        "unstable"
      ],
      "unfree": false,
      "version": "1.57.0",
      "outputs_to_install": [
        "out"
      ],
      "outputs": {
        "out": "/nix/store/hbgg8mmnvr9jlifd23gy72hy3fqc7a5x-playwright-core-1.57.0"
      },
      "system": "aarch64-darwin",
      "group": "toplevel",
      "priority": 5
    },
    {
      "attr_path": "playwright-driver",
      "broken": false,
      "derivation": "/nix/store/jcjpk9019ph5xdc2588nsw1c6z67m714-playwright-core-1.57.0.drv",
      "description": "Framework for Web Testing and Automation",
      "install_id": "playwright-driver",
      "license": "Apache-2.0",
      "locked_url": "https://github.com/flox/nixpkgs?rev=00c21e4c93d963c50d4c0c89bfa84ed6e0694df2",
      "name": "playwright-core-1.57.0",
      "pname": "playwright-driver",
      "rev": "00c21e4c93d963c50d4c0c89bfa84ed6e0694df2",
      "rev_count": 940249,
      "rev_date": "2026-02-04T09:32:58Z",
      "scrape_date": "2026-02-06T05:06:17.078542Z",
      "stabilities": [
        "staging",
        "unstable"
      ],
      "unfree": false,
      "version": "1.57.0",
      "outputs_to_install": [
        "out"
      ],
      "outputs": {
        "out": "/nix/store/fgzi6qj49iaklim4aciyhajwaqqpi9il-playwright-core-1.57.0"
      },
      "system": "aarch64-linux",
      "group": "toplevel",
      "priority": 5
    },
    {
      "attr_path": "playwright-driver",
      "broken": false,
      "derivation": "/nix/store/wm3xwhwlav8inm2cmdwn6b54bx4mpacp-playwright-core-1.57.0.drv",
      "description": "Framework for Web Testing and Automation",
      "install_id": "playwright-driver",
      "license": "Apache-2.0",
      "locked_url": "https://github.com/flox/nixpkgs?rev=00c21e4c93d963c50d4c0c89bfa84ed6e0694df2",
      "name": "playwright-core-1.57.0",
      "pname": "playwright-driver",
      "rev": "00c21e4c93d963c50d4c0c89bfa84ed6e0694df2",
      "rev_count": 940249,
      "rev_date": "2026-02-04T09:32:58Z",
      "scrape_date": "2026-02-06T05:34:09.872764Z",
      "stabilities": [
        "staging",
        "unstable"
      ],
      "unfree": false,
      "version": "1.57.0",
      "outputs_to_install": [
        "out"
      ],
      "outputs": {
        "out": "/nix/store/s1a0qdnzn6f5iizslj96s18qhb7m58sb-playwright-core-1.57.0"
      },
      "system": "x86_64-darwin",
      "group": "toplevel",
      "priority": 5
    },
    {
      "attr_path": "playwright-driver",
      "broken": false,
      "derivation": "/nix/store/578zlyvwc96dxssgf9vm6nf1f9klqxvs-playwright-core-1.57.0.drv",
      "description": "Framework for Web Testing and Automation",
      "install_id": "playwright-driver",
      "license": "Apache-2.0",
      "locked_url": "https://github.com/flox/nixpkgs?rev=00c21e4c93d963c50d4c0c89bfa84ed6e0694df2",
      "name": "playwright-core-1.57.0",
      "pname": "playwright-driver",
      "rev": "00c21e4c93d963c50d4c0c89bfa84ed6e0694df2",
      "rev_count": 940249,
      "rev_date": "2026-02-04T09:32:58Z",
      "scrape_date": "2026-02-06T06:06:44.618349Z",
      "stabilities": [
        "staging",
        "unstable"
      ],
      "unfree": false,
      "version": "1.57.0",
      "outputs_to_install": [
        "out"
      ],
      "outputs": {
        "out": "/nix/store/gwpjbllxgpbd85j8hvfazrcjfkq826jm-playwright-core-1.57.0"
      },
      "system": "x86_64-linux",
      "group": "toplevel",
      "priority": 5
    }
  ]
}
